
Microsoft Visual Studio Solution File, Format Version 12.00
# Visual Studio Version 17
VisualStudioVersion = 17.10.35027.167
MinimumVisualStudioVersion = 10.0.40219.1
Project("{FAE04EC0-301F-11D3-BF4B-00C04F79EFBC}") = "CustomIdentityWithJwt", "CustomIdentityWithJwt\CustomIdentityWithJwt.csproj", "{76BBDCFF-D327-42F2-AD70-D599A8976E41}"
EndProject
Global
	GlobalSection(SolutionConfigurationPlatforms) = preSolution
		Debug|Any CPU = Debug|Any CPU
		Release|Any CPU = Release|Any CPU
	EndGlobalSection
	GlobalSection(ProjectConfigurationPlatforms) = postSolution
		{76BBDCFF-D327-42F2-AD70-D599A8976E41}.Debug|Any CPU.ActiveCfg = Debug|Any CPU
		{76BBDCFF-D327-42F2-AD70-D599A8976E41}.Debug|Any CPU.Build.0 = Debug|Any CPU
		{76BBDCFF-D327-42F2-AD70-D599A8976E41}.Release|Any CPU.ActiveCfg = Release|Any CPU
		{76BBDCFF-D327-42F2-AD70-D599A8976E41}.Release|Any CPU.Build.0 = Release|Any CPU
	EndGlobalSection
	GlobalSection(SolutionProperties) = preSolution
		HideSolutionNode = FALSE
	EndGlobalSection
	GlobalSection(ExtensibilityGlobals) = postSolution
		SolutionGuid = {D2BF89AA-A41C-4997-B790-F0E2FF23C1ED}
	EndGlobalSection
EndGlobal
